
Microsoft Visual Studio Solution File, Format Version 12.00
# Visual Studio Version 17
VisualStudioVersion = 17.2.32630.192
MinimumVisualStudioVersion = 10.0.40219.1
Project("{8BC9CEB8-8B4A-11D0-8D11-00A0C91BC942}") = "arm_6_DOF", "arm_6_DOF\arm_6_DOF.vcxproj", "{B392FAA6-DAEB-4A16-B881-EEAFD45516FA}"
EndProject
Global
	GlobalSection(SolutionConfigurationPlatforms) = preSolution
		Debug|x64 = Debug|x64
		Debug|x86 = Debug|x86
		Release|x64 = Release|x64
		Release|x86 = Release|x86
	EndGlobalSection
	GlobalSection(ProjectConfigurationPlatforms) = postSolution
		{B392FAA6-DAEB-4A16-B881-EEAFD45516FA}.Debug|x64.ActiveCfg = Debug|x64
		{B392FAA6-DAEB-4A16-B881-EEAFD45516FA}.Debug|x64.Build.0 = Debug|x64
		{B392FAA6-DAEB-4A16-B881-EEAFD45516FA}.Debug|x86.ActiveCfg = Debug|Win32
		{B392FAA6-DAEB-4A16-B881-EEAFD45516FA}.Debug|x86.Build.0 = Debug|Win32
		{B392FAA6-DAEB-4A16-B881-EEAFD45516FA}.Release|x64.ActiveCfg = Release|x64
		{B392FAA6-DAEB-4A16-B881-EEAFD45516FA}.Release|x64.Build.0 = Release|x64
		{B392FAA6-DAEB-4A16-B881-EEAFD45516FA}.Release|x86.ActiveCfg = Release|Win32
		{B392FAA6-DAEB-4A16-B881-EEAFD45516FA}.Release|x86.Build.0 = Release|Win32
	EndGlobalSection
	GlobalSection(SolutionProperties) = preSolution
		HideSolutionNode = FALSE
	EndGlobalSection
	GlobalSection(ExtensibilityGlobals) = postSolution
		SolutionGuid = {B9CA562E-A7AF-42AF-A62B-5B88754AD5DC}
	EndGlobalSection
EndGlobal
